
Microsoft Visual Studio Solution File, Format Version 12.00
# Visual Studio Version 17
VisualStudioVersion = 17.5.33627.172
MinimumVisualStudioVersion = 10.0.40219.1
Project("{9A19103F-16F7-4668-BE54-9A1E7A4F7556}") = "LightSensorApp", "LightSensorApp\LightSensorApp.csproj", "{9111F1DA-CADD-41EE-9349-1AE6020B2E26}"
EndProject
Project("{9A19103F-16F7-4668-BE54-9A1E7A4F7556}") = "LightSensorSimulator", "LightSensorSimulator\LightSensorSimulator.csproj", "{5CE69EDD-7BD0-4CC9-8FD2-421923CB3ABA}"
EndProject
Project("{FAE04EC0-301F-11D3-BF4B-00C04F79EFBC}") = "LightSensorSimulator.Tests", "LightSensorSimulator.Tests\LightSensorSimulator.Tests.csproj", "{6F88F263-3917-4D67-9C22-3071B1BCD22A}"
EndProject
Project("{FAE04EC0-301F-11D3-BF4B-00C04F79EFBC}") = "LightSensorApp.Test", "LightSensorApp.Test\LightSensorApp.Test.csproj", "{BE3123E3-E2DD-4DC2-8F59-A904187CD0C6}"
EndProject
Global
	GlobalSection(SolutionConfigurationPlatforms) = preSolution
		Debug|Any CPU = Debug|Any CPU
		Release|Any CPU = Release|Any CPU
	EndGlobalSection
	GlobalSection(ProjectConfigurationPlatforms) = postSolution
		{9111F1DA-CADD-41EE-9349-1AE6020B2E26}.Debug|Any CPU.ActiveCfg = Debug|Any CPU
		{9111F1DA-CADD-41EE-9349-1AE6020B2E26}.Debug|Any CPU.Build.0 = Debug|Any CPU
		{9111F1DA-CADD-41EE-9349-1AE6020B2E26}.Release|Any CPU.ActiveCfg = Release|Any CPU
		{9111F1DA-CADD-41EE-9349-1AE6020B2E26}.Release|Any CPU.Build.0 = Release|Any CPU
		{5CE69EDD-7BD0-4CC9-8FD2-421923CB3ABA}.Debug|Any CPU.ActiveCfg = Debug|Any CPU
		{5CE69EDD-7BD0-4CC9-8FD2-421923CB3ABA}.Debug|Any CPU.Build.0 = Debug|Any CPU
		{5CE69EDD-7BD0-4CC9-8FD2-421923CB3ABA}.Release|Any CPU.ActiveCfg = Release|Any CPU
		{5CE69EDD-7BD0-4CC9-8FD2-421923CB3ABA}.Release|Any CPU.Build.0 = Release|Any CPU
		{6F88F263-3917-4D67-9C22-3071B1BCD22A}.Debug|Any CPU.ActiveCfg = Debug|Any CPU
		{6F88F263-3917-4D67-9C22-3071B1BCD22A}.Debug|Any CPU.Build.0 = Debug|Any CPU
		{6F88F263-3917-4D67-9C22-3071B1BCD22A}.Release|Any CPU.ActiveCfg = Release|Any CPU
		{6F88F263-3917-4D67-9C22-3071B1BCD22A}.Release|Any CPU.Build.0 = Release|Any CPU
		{BE3123E3-E2DD-4DC2-8F59-A904187CD0C6}.Debug|Any CPU.ActiveCfg = Debug|Any CPU
		{BE3123E3-E2DD-4DC2-8F59-A904187CD0C6}.Debug|Any CPU.Build.0 = Debug|Any CPU
		{BE3123E3-E2DD-4DC2-8F59-A904187CD0C6}.Release|Any CPU.ActiveCfg = Release|Any CPU
		{BE3123E3-E2DD-4DC2-8F59-A904187CD0C6}.Release|Any CPU.Build.0 = Release|Any CPU
	EndGlobalSection
	GlobalSection(SolutionProperties) = preSolution
		HideSolutionNode = FALSE
	EndGlobalSection
	GlobalSection(ExtensibilityGlobals) = postSolution
		SolutionGuid = {1B2158A6-B893-48E1-8681-8B5C076D494F}
	EndGlobalSection
EndGlobal
